
Microsoft Visual Studio Solution File, Format Version 12.00
# Visual Studio 2013
VisualStudioVersion = 12.0.21005.1
MinimumVisualStudioVersion = 10.0.40219.1
Project("{8BC9CEB8-8B4A-11D0-8D11-00A0C91BC942}") = "TfceScore", "TfceScore\TfceScore.vcxproj", "{F6151346-0651-421E-943E-81F4FDFC308D}"
EndProject
Global
	GlobalSection(SolutionConfigurationPlatforms) = preSolution
		Debug|Win32 = Debug|Win32
		Release|Win32 = Release|Win32
	EndGlobalSection
	GlobalSection(ProjectConfigurationPlatforms) = postSolution
		{F6151346-0651-421E-943E-81F4FDFC308D}.Debug|Win32.ActiveCfg = Debug|Win32
		{F6151346-0651-421E-943E-81F4FDFC308D}.Debug|Win32.Build.0 = Debug|Win32
		{F6151346-0651-421E-943E-81F4FDFC308D}.Release|Win32.ActiveCfg = Release|Win32
		{F6151346-0651-421E-943E-81F4FDFC308D}.Release|Win32.Build.0 = Release|Win32
	EndGlobalSection
	GlobalSection(SolutionProperties) = preSolution
		HideSolutionNode = FALSE
	EndGlobalSection
EndGlobal
